
Microsoft Visual Studio Solution File, Format Version 12.00
# Visual Studio Version 17
VisualStudioVersion = 17.7.34024.191
MinimumVisualStudioVersion = 10.0.40219.1
Project("{FAE04EC0-301F-11D3-BF4B-00C04F79EFBC}") = "GruppInlämning 4 - BlackJack", "GruppInlämning 4 - BlackJack.csproj", "{274A2466-DA42-43D2-B8A8-8A304F4EC640}"
EndProject
Global
	GlobalSection(SolutionConfigurationPlatforms) = preSolution
		Debug|Any CPU = Debug|Any CPU
		Release|Any CPU = Release|Any CPU
	EndGlobalSection
	GlobalSection(ProjectConfigurationPlatforms) = postSolution
		{274A2466-DA42-43D2-B8A8-8A304F4EC640}.Debug|Any CPU.ActiveCfg = Debug|Any CPU
		{274A2466-DA42-43D2-B8A8-8A304F4EC640}.Debug|Any CPU.Build.0 = Debug|Any CPU
		{274A2466-DA42-43D2-B8A8-8A304F4EC640}.Release|Any CPU.ActiveCfg = Release|Any CPU
		{274A2466-DA42-43D2-B8A8-8A304F4EC640}.Release|Any CPU.Build.0 = Release|Any CPU
	EndGlobalSection
	GlobalSection(SolutionProperties) = preSolution
		HideSolutionNode = FALSE
	EndGlobalSection
	GlobalSection(ExtensibilityGlobals) = postSolution
		SolutionGuid = {732423C2-EE46-4D84-B81B-FE5BEAEBF7E6}
	EndGlobalSection
EndGlobal
